Microsoft Visual Studio Solution File, Format Version 12.00
# Visual Studio Version 17
VisualStudioVersion = 17.5.2.0
MinimumVisualStudioVersion = 10.0.40219.1
Project("{FAE04EC0-301F-11D3-BF4B-00C04F79EFBC}") = "Lab6CSharp", "Lab6CSharp.csproj", "{27C6DB16-7628-F14C-34B7-EDBA594CAAC4}"
EndProject
Global
	GlobalSection(SolutionConfigurationPlatforms) = preSolution
		Debug|Any CPU = Debug|Any CPU
		Release|Any CPU = Release|Any CPU
	EndGlobalSection
	GlobalSection(ProjectConfigurationPlatforms) = postSolution
		{27C6DB16-7628-F14C-34B7-EDBA594CAAC4}.Debug|Any CPU.ActiveCfg = Debug|Any CPU
		{27C6DB16-7628-F14C-34B7-EDBA594CAAC4}.Debug|Any CPU.Build.0 = Debug|Any CPU
		{27C6DB16-7628-F14C-34B7-EDBA594CAAC4}.Release|Any CPU.ActiveCfg = Release|Any CPU
		{27C6DB16-7628-F14C-34B7-EDBA594CAAC4}.Release|Any CPU.Build.0 = Release|Any CPU
	EndGlobalSection
	GlobalSection(SolutionProperties) = preSolution
		HideSolutionNode = FALSE
	EndGlobalSection
	GlobalSection(ExtensibilityGlobals) = postSolution
		SolutionGuid = {970BFB4A-F80D-491B-AD61-6F549A1B0F85}
	EndGlobalSection
EndGlobal
